
Microsoft Visual Studio Solution File, Format Version 12.00
# Visual Studio 15
VisualStudioVersion = 15.0.28010.2048
MinimumVisualStudioVersion = 10.0.40219.1
Project("{FAE04EC0-301F-11D3-BF4B-00C04F79EFBC}") = "BspZipGUI", "BspZipGUI\BspZipGUI.csproj", "{0C5AD6ED-D712-4784-A6F0-259E7EAF38A3}"
EndProject
Global
	GlobalSection(SolutionConfigurationPlatforms) = preSolution
		Debug|Any CPU = Debug|Any CPU
		Release|Any CPU = Release|Any CPU
	EndGlobalSection
	GlobalSection(ProjectConfigurationPlatforms) = postSolution
		{0C5AD6ED-D712-4784-A6F0-259E7EAF38A3}.Debug|Any CPU.ActiveCfg = Debug|Any CPU
		{0C5AD6ED-D712-4784-A6F0-259E7EAF38A3}.Debug|Any CPU.Build.0 = Debug|Any CPU
		{0C5AD6ED-D712-4784-A6F0-259E7EAF38A3}.Release|Any CPU.ActiveCfg = Release|Any CPU
		{0C5AD6ED-D712-4784-A6F0-259E7EAF38A3}.Release|Any CPU.Build.0 = Release|Any CPU
	EndGlobalSection
	GlobalSection(SolutionProperties) = preSolution
		HideSolutionNode = FALSE
	EndGlobalSection
	GlobalSection(ExtensibilityGlobals) = postSolution
		SolutionGuid = {55D6D993-9364-40B3-AD50-ACACE78FE95C}
	EndGlobalSection
EndGlobal
